// !$*UTF8*$!
{
	archiveVersion = 1;
	classes = {
	};
	objectVersion = 51;
	objects = {

/* Begin PBXBuildFile section */
		1213C5C4263873530025C2CC /* AppDelegate.swift in Sources */ = {isa = PBXBuildFile; fileRef = 1213C5C3263873530025C2CC /* AppDelegate.swift */; };
		1213C5C6263873530025C2CC /* SceneDelegate.swift in Sources */ = {isa = PBXBuildFile; fileRef = 1213C5C5263873530025C2CC /* SceneDelegate.swift */; };
		1213C5CA263873560025C2CC /* Assets.xcassets in Resources */ = {isa = PBXBuildFile; fileRef = 1213C5C9263873560025C2CC /* Assets.xcassets */; };
		1213C5CD263873560025C2CC /* Preview Assets.xcassets in Resources */ = {isa = PBXBuildFile; fileRef = 1213C5CC263873560025C2CC /* Preview Assets.xcassets */; };
		1213C5D0263873560025C2CC /* LaunchScreen.storyboard in Resources */ = {isa = PBXBuildFile; fileRef = 1213C5CE263873560025C2CC /* LaunchScreen.storyboard */; };
		1213C5DB263873560025C2CC /* TestWorkTests.swift in Sources */ = {isa = PBXBuildFile; fileRef = 1213C5DA263873560025C2CC /* TestWorkTests.swift */; };
		1213C5E6263873560025C2CC /* TestWorkUITests.swift in Sources */ = {isa = PBXBuildFile; fileRef = 1213C5E5263873560025C2CC /* TestWorkUITests.swift */; };
		12824F352639A6C700A51C4B /* GeoDB.swift in Sources */ = {isa = PBXBuildFile; fileRef = 12824F342639A6C700A51C4B /* GeoDB.swift */; };
		12824F3D2639A9BE00A51C4B /* CityView.swift in Sources */ = {isa = PBXBuildFile; fileRef = 12824F3C2639A9BE00A51C4B /* CityView.swift */; };
		12824F422639AC1100A51C4B /* Network.swift in Sources */ = {isa = PBXBuildFile; fileRef = 12824F412639AC1100A51C4B /* Network.swift */; };
		12824F482639BEDF00A51C4B /* Video.swift in Sources */ = {isa = PBXBuildFile; fileRef = 12824F472639BEDF00A51C4B /* Video.swift */; };
		12824F4D2639C96D00A51C4B /* CityDetailView.swift in Sources */ = {isa = PBXBuildFile; fileRef = 12824F4C2639C96D00A51C4B /* CityDetailView.swift */; };
		9621E55E4F408C302CA4FBA4 /* Pods_TestWork_TestWorkUITests.framework in Frameworks */ = {isa = PBXBuildFile; fileRef = A5166A9E97F1157D64F78898 /* Pods_TestWork_TestWorkUITests.framework */; };
		A3B713F0E5AF5E178A77F1C8 /* Pods_TestWork.framework in Frameworks */ = {isa = PBXBuildFile; fileRef = F93875B13E6D473ACFB0DBF6 /* Pods_TestWork.framework */; };
		C23B681F3A55B631EDB92E7E /* Pods_TestWorkTests.framework in Frameworks */ = {isa = PBXBuildFile; fileRef = 4751B1318D245F7DBDFE3D1C /* Pods_TestWorkTests.framework */; };
/* End PBXBuildFile section */

/* Begin PBXContainerItemProxy section */
		1213C5D7263873560025C2CC /* PBXContainerItemProxy */ = {
			isa = PBXContainerItemProxy;
			containerPortal = 1213C5B8263873530025C2CC /* Project object */;
			proxyType = 1;
			remoteGlobalIDString = 1213C5BF263873530025C2CC;
			remoteInfo = TestWork;
		};
		1213C5E2263873560025C2CC /* PBXContainerItemProxy */ = {
			isa = PBXContainerItemProxy;
			containerPortal = 1213C5B8263873530025C2CC /* Project object */;
			proxyType = 1;
			remoteGlobalIDString = 1213C5BF263873530025C2CC;
			remoteInfo = TestWork;
		};
/* End PBXContainerItemProxy section */

/* Begin PBXFileReference section */
		033D3874629C459BE18F0A70 /* Pods-TestWork-TestWorkUITests.release.xcconfig */ = {isa = PBXFileReference; includeInIndex = 1; lastKnownFileType = text.xcconfig; name = "Pods-TestWork-TestWorkUITests.release.xcconfig"; path = "Target Support Files/Pods-TestWork-TestWorkUITests/Pods-TestWork-TestWorkUITests.release.xcconfig"; sourceTree = "<group>"; };
		1213C5C0263873530025C2CC /* TestWork.app */ = {isa = PBXFileReference; explicitFileType = wrapper.application; includeInIndex = 0; path = TestWork.app; sourceTree = BUILT_PRODUCTS_DIR; };
		1213C5C3263873530025C2CC /* AppDelegate.swift */ = {isa = PBXFileReference; lastKnownFileType = sourcecode.swift; path = AppDelegate.swift; sourceTree = "<group>"; };
		1213C5C5263873530025C2CC /* SceneDelegate.swift */ = {isa = PBXFileReference; lastKnownFileType = sourcecode.swift; path = SceneDelegate.swift; sourceTree = "<group>"; };
		1213C5C9263873560025C2CC /* Assets.xcassets */ = {isa = PBXFileReference; lastKnownFileType = folder.assetcatalog; path = Assets.xcassets; sourceTree = "<group>"; };
		1213C5CC263873560025C2CC /* Preview Assets.xcassets */ = {isa = PBXFileReference; lastKnownFileType = folder.assetcatalog; path = "Preview Assets.xcassets"; sourceTree = "<group>"; };
		1213C5CF263873560025C2CC /* Base */ = {isa = PBXFileReference; lastKnownFileType = file.storyboard; name = Base; path = Base.lproj/LaunchScreen.storyboard; sourceTree = "<group>"; };
		1213C5D1263873560025C2CC /* Info.plist */ = {isa = PBXFileReference; lastKnownFileType = text.plist.xml; path = Info.plist; sourceTree = "<group>"; };
		1213C5D6263873560025C2CC /* TestWorkTests.xctest */ = {isa = PBXFileReference; explicitFileType = wrapper.cfbundle; includeInIndex = 0; path = TestWorkTests.xctest; sourceTree = BUILT_PRODUCTS_DIR; };
		1213C5DA263873560025C2CC /* TestWorkTests.swift */ = {isa = PBXFileReference; lastKnownFileType = sourcecode.swift; path = TestWorkTests.swift; sourceTree = "<group>"; };
		1213C5DC263873560025C2CC /* Info.plist */ = {isa = PBXFileReference; lastKnownFileType = text.plist.xml; path = Info.plist; sourceTree = "<group>"; };
		1213C5E1263873560025C2CC /* TestWorkUITests.xctest */ = {isa = PBXFileReference; explicitFileType = wrapper.cfbundle; includeInIndex = 0; path = TestWorkUITests.xctest; sourceTree = BUILT_PRODUCTS_DIR; };
		1213C5E5263873560025C2CC /* TestWorkUITests.swift */ = {isa = PBXFileReference; lastKnownFileType = sourcecode.swift; path = TestWorkUITests.swift; sourceTree = "<group>"; };
		1213C5E7263873560025C2CC /* Info.plist */ = {isa = PBXFileReference; lastKnownFileType = text.plist.xml; path = Info.plist; sourceTree = "<group>"; };
		12824F342639A6C700A51C4B /* GeoDB.swift */ = {isa = PBXFileReference; lastKnownFileType = sourcecode.swift; path = GeoDB.swift; sourceTree = "<group>"; };
		12824F3C2639A9BE00A51C4B /* CityView.swift */ = {isa = PBXFileReference; lastKnownFileType = sourcecode.swift; path = CityView.swift; sourceTree = "<group>"; };
		12824F412639AC1100A51C4B /* Network.swift */ = {isa = PBXFileReference; lastKnownFileType = sourcecode.swift; path = Network.swift; sourceTree = "<group>"; };
		12824F472639BEDF00A51C4B /* Video.swift */ = {isa = PBXFileReference; fileEncoding = 4; lastKnownFileType = sourcecode.swift; path = Video.swift; sourceTree = "<group>"; };
		12824F4C2639C96D00A51C4B /* CityDetailView.swift */ = {isa = PBXFileReference; lastKnownFileType = sourcecode.swift; path = CityDetailView.swift; sourceTree = "<group>"; };
		4081BA4C1DA06D9DA6C7B935 /* Pods-TestWork-TestWorkUITests.debug.xcconfig */ = {isa = PBXFileReference; includeInIndex = 1; lastKnownFileType = text.xcconfig; name = "Pods-TestWork-TestWorkUITests.debug.xcconfig"; path = "Target Support Files/Pods-TestWork-TestWorkUITests/Pods-TestWork-TestWorkUITests.debug.xcconfig"; sourceTree = "<group>"; };
		4751B1318D245F7DBDFE3D1C /* Pods_TestWorkTests.framework */ = {isa = PBXFileReference; explicitFileType = wrapper.framework; includeInIndex = 0; path = Pods_TestWorkTests.framework; sourceTree = BUILT_PRODUCTS_DIR; };
		5E8E361167D58C9ADF080E1F /* Pods-TestWork.debug.xcconfig */ = {isa = PBXFileReference; includeInIndex = 1; lastKnownFileType = text.xcconfig; name = "Pods-TestWork.debug.xcconfig"; path = "Target Support Files/Pods-TestWork/Pods-TestWork.debug.xcconfig"; sourceTree = "<group>"; };
		84B83836F349F9965AAC7A8E /* Pods-TestWork.release.xcconfig */ = {isa = PBXFileReference; includeInIndex = 1; lastKnownFileType = text.xcconfig; name = "Pods-TestWork.release.xcconfig"; path = "Target Support Files/Pods-TestWork/Pods-TestWork.release.xcconfig"; sourceTree = "<group>"; };
		9BBC87AF9AEDF85E7B7B0474 /* Pods-TestWorkTests.release.xcconfig */ = {isa = PBXFileReference; includeInIndex = 1; lastKnownFileType = text.xcconfig; name = "Pods-TestWorkTests.release.xcconfig"; path = "Target Support Files/Pods-TestWorkTests/Pods-TestWorkTests.release.xcconfig"; sourceTree = "<group>"; };
		A5166A9E97F1157D64F78898 /* Pods_TestWork_TestWorkUITests.framework */ = {isa = PBXFileReference; explicitFileType = wrapper.framework; includeInIndex = 0; path = Pods_TestWork_TestWorkUITests.framework; sourceTree = BUILT_PRODUCTS_DIR; };
		E70C64D601AC7FD7F3C2A7E5 /* Pods-TestWorkTests.debug.xcconfig */ = {isa = PBXFileReference; includeInIndex = 1; lastKnownFileType = text.xcconfig; name = "Pods-TestWorkTests.debug.xcconfig"; path = "Target Support Files/Pods-TestWorkTests/Pods-TestWorkTests.debug.xcconfig"; sourceTree = "<group>"; };
		F93875B13E6D473ACFB0DBF6 /* Pods_TestWork.framework */ = {isa = PBXFileReference; explicitFileType = wrapper.framework; includeInIndex = 0; path = Pods_TestWork.framework; sourceTree = BUILT_PRODUCTS_DIR; };
/* End PBXFileReference section */

/* Begin PBXFrameworksBuildPhase section */
		1213C5BD263873530025C2CC /* Frameworks */ = {
			isa = PBXFrameworksBuildPhase;
			buildActionMask = 2147483647;
			files = (
				A3B713F0E5AF5E178A77F1C8 /* Pods_TestWork.framework in Frameworks */,
			);
			runOnlyForDeploymentPostprocessing = 0;
		};
		1213C5D3263873560025C2CC /* Frameworks */ = {
			isa = PBXFrameworksBuildPhase;
			buildActionMask = 2147483647;
			files = (
				C23B681F3A55B631EDB92E7E /* Pods_TestWorkTests.framework in Frameworks */,
			);
			runOnlyForDeploymentPostprocessing = 0;
		};
		1213C5DE263873560025C2CC /* Frameworks */ = {
			isa = PBXFrameworksBuildPhase;
			buildActionMask = 2147483647;
			files = (
				9621E55E4F408C302CA4FBA4 /* Pods_TestWork_TestWorkUITests.framework in Frameworks */,
			);
			runOnlyForDeploymentPostprocessing = 0;
		};
/* End PBXFrameworksBuildPhase section */

/* Begin PBXGroup section */
		1213C5B7263873530025C2CC = {
			isa = PBXGroup;
			children = (
				1213C5C2263873530025C2CC /* TestWork */,
				1213C5D9263873560025C2CC /* TestWorkTests */,
				1213C5E4263873560025C2CC /* TestWorkUITests */,
				1213C5C1263873530025C2CC /* Products */,
				3162FFE7E931CCDE6587B306 /* Pods */,
				782C2F1546D9E7EFD64602F3 /* Frameworks */,
			);
			sourceTree = "<group>";
		};
		1213C5C1263873530025C2CC /* Products */ = {
			isa = PBXGroup;
			children = (
				1213C5C0263873530025C2CC /* TestWork.app */,
				1213C5D6263873560025C2CC /* TestWorkTests.xctest */,
				1213C5E1263873560025C2CC /* TestWorkUITests.xctest */,
			);
			name = Products;
			sourceTree = "<group>";
		};
		1213C5C2263873530025C2CC /* TestWork */ = {
			isa = PBXGroup;
			children = (
				1213C5FA2638750A0025C2CC /* Model */,
				1213C5F9263874F00025C2CC /* Resources */,
				1213C5F8263874CE0025C2CC /* Networking */,
				1213C5F7263874B40025C2CC /* Views */,
				1213C5F6263874A80025C2CC /* Controllers */,
				1213C5C9263873560025C2CC /* Assets.xcassets */,
				1213C5CE263873560025C2CC /* LaunchScreen.storyboard */,
				1213C5D1263873560025C2CC /* Info.plist */,
				1213C5CB263873560025C2CC /* Preview Content */,
			);
			path = TestWork;
			sourceTree = "<group>";
		};
		1213C5CB263873560025C2CC /* Preview Content */ = {
			isa = PBXGroup;
			children = (
				1213C5CC263873560025C2CC /* Preview Assets.xcassets */,
			);
			path = "Preview Content";
			sourceTree = "<group>";
		};
		1213C5D9263873560025C2CC /* TestWorkTests */ = {
			isa = PBXGroup;
			children = (
				1213C5DA263873560025C2CC /* TestWorkTests.swift */,
				1213C5DC263873560025C2CC /* Info.plist */,
			);
			path = TestWorkTests;
			sourceTree = "<group>";
		};
		1213C5E4263873560025C2CC /* TestWorkUITests */ = {
			isa = PBXGroup;
			children = (
				1213C5E5263873560025C2CC /* TestWorkUITests.swift */,
				1213C5E7263873560025C2CC /* Info.plist */,
			);
			path = TestWorkUITests;
			sourceTree = "<group>";
		};
		1213C5F6263874A80025C2CC /* Controllers */ = {
			isa = PBXGroup;
			children = (
				1213C5C3263873530025C2CC /* AppDelegate.swift */,
			);
			path = Controllers;
			sourceTree = "<group>";
		};
		1213C5F7263874B40025C2CC /* Views */ = {
			isa = PBXGroup;
			children = (
				12824F3C2639A9BE00A51C4B /* CityView.swift */,
				12824F4C2639C96D00A51C4B /* CityDetailView.swift */,
			);
			path = Views;
			sourceTree = "<group>";
		};
		1213C5F8263874CE0025C2CC /* Networking */ = {
			isa = PBXGroup;
			children = (
				12824F342639A6C700A51C4B /* GeoDB.swift */,
				12824F412639AC1100A51C4B /* Network.swift */,
			);
			path = Networking;
			sourceTree = "<group>";
		};
		1213C5F9263874F00025C2CC /* Resources */ = {
			isa = PBXGroup;
			children = (
				12824F472639BEDF00A51C4B /* Video.swift */,
			);
			path = Resources;
			sourceTree = "<group>";
		};
		1213C5FA2638750A0025C2CC /* Model */ = {
			isa = PBXGroup;
			children = (
				1213C5C5263873530025C2CC /* SceneDelegate.swift */,
			);
			path = Model;
			sourceTree = "<group>";
		};
		3162FFE7E931CCDE6587B306 /* Pods */ = {
			isa = PBXGroup;
			children = (
				5E8E361167D58C9ADF080E1F /* Pods-TestWork.debug.xcconfig */,
				84B83836F349F9965AAC7A8E /* Pods-TestWork.release.xcconfig */,
				4081BA4C1DA06D9DA6C7B935 /* Pods-TestWork-TestWorkUITests.debug.xcconfig */,
				033D3874629C459BE18F0A70 /* Pods-TestWork-TestWorkUITests.release.xcconfig */,
				E70C64D601AC7FD7F3C2A7E5 /* Pods-TestWorkTests.debug.xcconfig */,
				9BBC87AF9AEDF85E7B7B0474 /* Pods-TestWorkTests.release.xcconfig */,
			);
			path = Pods;
			sourceTree = "<group>";
		};
		782C2F1546D9E7EFD64602F3 /* Frameworks */ = {
			isa = PBXGroup;
			children = (
				F93875B13E6D473ACFB0DBF6 /* Pods_TestWork.framework */,
				A5166A9E97F1157D64F78898 /* Pods_TestWork_TestWorkUITests.framework */,
				4751B1318D245F7DBDFE3D1C /* Pods_TestWorkTests.framework */,
			);
			name = Frameworks;
			sourceTree = "<group>";
		};
/* End PBXGroup section */

/* Begin PBXNativeTarget section */
		1213C5BF263873530025C2CC /* TestWork */ = {
			isa = PBXNativeTarget;
			buildConfigurationList = 1213C5EA263873560025C2CC /* Build configuration list for PBXNativeTarget "TestWork" */;
			buildPhases = (
				C5107851E03DE1E78DA7415A /* [CP] Check Pods Manifest.lock */,
				1213C5BC263873530025C2CC /* Sources */,
				1213C5BD263873530025C2CC /* Frameworks */,
				1213C5BE263873530025C2CC /* Resources */,
				762CA4F8511D2B137D4C5E0B /* [CP] Embed Pods Frameworks */,
			);
			buildRules = (
			);
			dependencies = (
			);
			name = TestWork;
			productName = TestWork;
			productReference = 1213C5C0263873530025C2CC /* TestWork.app */;
			productType = "com.apple.product-type.application";
		};
		1213C5D5263873560025C2CC /* TestWorkTests */ = {
			isa = PBXNativeTarget;
			buildConfigurationList = 1213C5ED263873560025C2CC /* Build configuration list for PBXNativeTarget "TestWorkTests" */;
			buildPhases = (
				F9EF8EB8AA2189EB5774FC92 /* [CP] Check Pods Manifest.lock */,
				1213C5D2263873560025C2CC /* Sources */,
				1213C5D3263873560025C2CC /* Frameworks */,
				1213C5D4263873560025C2CC /* Resources */,
			);
			buildRules = (
			);
			dependencies = (
				1213C5D8263873560025C2CC /* PBXTargetDependency */,
			);
			name = TestWorkTests;
			productName = TestWorkTests;
			productReference = 1213C5D6263873560025C2CC /* TestWorkTests.xctest */;
			productType = "com.apple.product-type.bundle.unit-test";
		};
		1213C5E0263873560025C2CC /* TestWorkUITests */ = {
			isa = PBXNativeTarget;
			buildConfigurationList = 1213C5F0263873560025C2CC /* Build configuration list for PBXNativeTarget "TestWorkUITests" */;
			buildPhases = (
				AD45FDDF7305F54752756CC6 /* [CP] Check Pods Manifest.lock */,
				1213C5DD263873560025C2CC /* Sources */,
				1213C5DE263873560025C2CC /* Frameworks */,
				1213C5DF263873560025C2CC /* Resources */,
				2C516705F39D8C657A53CEFC /* [CP] Embed Pods Frameworks */,
			);
			buildRules = (
			);
			dependencies = (
				1213C5E3263873560025C2CC /* PBXTargetDependency */,
			);
			name = TestWorkUITests;
			productName = TestWorkUITests;
			productReference = 1213C5E1263873560025C2CC /* TestWorkUITests.xctest */;
			productType = "com.apple.product-type.bundle.ui-testing";
		};
/* End PBXNativeTarget section */

/* Begin PBXProject section */
		1213C5B8263873530025C2CC /* Project object */ = {
			isa = PBXProject;
			attributes = {
				LastSwiftUpdateCheck = 1240;
				LastUpgradeCheck = 1240;
				TargetAttributes = {
					1213C5BF263873530025C2CC = {
						CreatedOnToolsVersion = 12.4;
					};
					1213C5D5263873560025C2CC = {
						CreatedOnToolsVersion = 12.4;
						TestTargetID = 1213C5BF263873530025C2CC;
					};
					1213C5E0263873560025C2CC = {
						CreatedOnToolsVersion = 12.4;
						TestTargetID = 1213C5BF263873530025C2CC;
					};
				};
			};
			buildConfigurationList = 1213C5BB263873530025C2CC /* Build configuration list for PBXProject "TestWork" */;
			compatibilityVersion = "Xcode 9.3";
			developmentRegion = en;
			hasScannedForEncodings = 0;
			knownRegions = (
				en,
				Base,
			);
			mainGroup = 1213C5B7263873530025C2CC;
			productRefGroup = 1213C5C1263873530025C2CC /* Products */;
			projectDirPath = "";
			projectRoot = "";
			targets = (
				1213C5BF263873530025C2CC /* TestWork */,
				1213C5D5263873560025C2CC /* TestWorkTests */,
				1213C5E0263873560025C2CC /* TestWorkUITests */,
			);
		};
/* End PBXProject section */

/* Begin PBXResourcesBuildPhase section */
		1213C5BE263873530025C2CC /* Resources */ = {
			isa = PBXResourcesBuildPhase;
			buildActionMask = 2147483647;
			files = (
				1213C5D0263873560025C2CC /* LaunchScreen.storyboard in Resources */,
				1213C5CD263873560025C2CC /* Preview Assets.xcassets in Resources */,
				1213C5CA263873560025C2CC /* Assets.xcassets in Resources */,
			);
			runOnlyForDeploymentPostprocessing = 0;
		};
		1213C5D4263873560025C2CC /* Resources */ = {
			isa = PBXResourcesBuildPhase;
			buildActionMask = 2147483647;
			files = (
			);
			runOnlyForDeploymentPostprocessing = 0;
		};
		1213C5DF263873560025C2CC /* Resources */ = {
			isa = PBXResourcesBuildPhase;
			buildActionMask = 2147483647;
			files = (
			);
			runOnlyForDeploymentPostprocessing = 0;
		};
/* End PBXResourcesBuildPhase section */

/* Begin PBXShellScriptBuildPhase section */
		2C516705F39D8C657A53CEFC /* [CP] Embed Pods Frameworks */ = {
			isa = PBXShellScriptBuildPhase;
			buildActionMask = 2147483647;
			files = (
			);
			inputFileListPaths = (
				"${PODS_ROOT}/Target Support Files/Pods-TestWork-TestWorkUITests/Pods-TestWork-TestWorkUITests-frameworks-${CONFIGURATION}-input-files.xcfilelist",
			);
			name = "[CP] Embed Pods Frameworks";
			outputFileListPaths = (
				"${PODS_ROOT}/Target Support Files/Pods-TestWork-TestWorkUITests/Pods-TestWork-TestWorkUITests-frameworks-${CONFIGURATION}-output-files.xcfilelist",
			);
			runOnlyForDeploymentPostprocessing = 0;
			shellPath = /bin/sh;
			shellScript = "\"${PODS_ROOT}/Target Support Files/Pods-TestWork-TestWorkUITests/Pods-TestWork-TestWorkUITests-frameworks.sh\"\n";
			showEnvVarsInLog = 0;
		};
		762CA4F8511D2B137D4C5E0B /* [CP] Embed Pods Frameworks */ = {
			isa = PBXShellScriptBuildPhase;
			buildActionMask = 2147483647;
			files = (
			);
			inputFileListPaths = (
				"${PODS_ROOT}/Target Support Files/Pods-TestWork/Pods-TestWork-frameworks-${CONFIGURATION}-input-files.xcfilelist",
			);
			name = "[CP] Embed Pods Frameworks";
			outputFileListPaths = (
				"${PODS_ROOT}/Target Support Files/Pods-TestWork/Pods-TestWork-frameworks-${CONFIGURATION}-output-files.xcfilelist",
			);
			runOnlyForDeploymentPostprocessing = 0;
			shellPath = /bin/sh;
			shellScript = "\"${PODS_ROOT}/Target Support Files/Pods-TestWork/Pods-TestWork-frameworks.sh\"\n";
			showEnvVarsInLog = 0;
		};
		AD45FDDF7305F54752756CC6 /* [CP] Check Pods Manifest.lock */ = {
			isa = PBXShellScriptBuildPhase;
			buildActionMask = 2147483647;
			files = (
			);
			inputFileListPaths = (
			);
			inputPaths = (
				"${PODS_PODFILE_DIR_PATH}/Podfile.lock",
				"${PODS_ROOT}/Manifest.lock",
			);
			name = "[CP] Check Pods Manifest.lock";
			outputFileListPaths = (
			);
			outputPaths = (
				"$(DERIVED_FILE_DIR)/Pods-TestWork-TestWorkUITests-checkManifestLockResult.txt",
			);
			runOnlyForDeploymentPostprocessing = 0;
			shellPath = /bin/sh;
			shellScript = "diff \"${PODS_PODFILE_DIR_PATH}/Podfile.lock\" \"${PODS_ROOT}/Manifest.lock\" > /dev/null\nif [ $? != 0 ] ; then\n    # print error to STDERR\n    echo \"error: The sandbox is not in sync with the Podfile.lock. Run 'pod install' or update your CocoaPods installation.\" >&2\n    exit 1\nfi\n# This output is used by Xcode 'outputs' to avoid re-running this script phase.\necho \"SUCCESS\" > \"${SCRIPT_OUTPUT_FILE_0}\"\n";
			showEnvVarsInLog = 0;
		};
		C5107851E03DE1E78DA7415A /* [CP] Check Pods Manifest.lock */ = {
			isa = PBXShellScriptBuildPhase;
			buildActionMask = 2147483647;
			files = (
			);
			inputFileListPaths = (
			);
			inputPaths = (
				"${PODS_PODFILE_DIR_PATH}/Podfile.lock",
				"${PODS_ROOT}/Manifest.lock",
			);
			name = "[CP] Check Pods Manifest.lock";
			outputFileListPaths = (
			);
			outputPaths = (
				"$(DERIVED_FILE_DIR)/Pods-TestWork-checkManifestLockResult.txt",
			);
			runOnlyForDeploymentPostprocessing = 0;
			shellPath = /bin/sh;
			shellScript = "diff \"${PODS_PODFILE_DIR_PATH}/Podfile.lock\" \"${PODS_ROOT}/Manifest.lock\" > /dev/null\nif [ $? != 0 ] ; then\n    # print error to STDERR\n    echo \"error: The sandbox is not in sync with the Podfile.lock. Run 'pod install' or update your CocoaPods installation.\" >&2\n    exit 1\nfi\n# This output is used by Xcode 'outputs' to avoid re-running this script phase.\necho \"SUCCESS\" > \"${SCRIPT_OUTPUT_FILE_0}\"\n";
			showEnvVarsInLog = 0;
		};
		F9EF8EB8AA2189EB5774FC92 /* [CP] Check Pods Manifest.lock */ = {
			isa = PBXShellScriptBuildPhase;
			buildActionMask = 2147483647;
			files = (
			);
			inputFileListPaths = (
			);
			inputPaths = (
				"${PODS_PODFILE_DIR_PATH}/Podfile.lock",
				"${PODS_ROOT}/Manifest.lock",
			);
			name = "[CP] Check Pods Manifest.lock";
			outputFileListPaths = (
			);
			outputPaths = (
				"$(DERIVED_FILE_DIR)/Pods-TestWorkTests-checkManifestLockResult.txt",
			);
			runOnlyForDeploymentPostprocessing = 0;
			shellPath = /bin/sh;
			shellScript = "diff \"${PODS_PODFILE_DIR_PATH}/Podfile.lock\" \"${PODS_ROOT}/Manifest.lock\" > /dev/null\nif [ $? != 0 ] ; then\n    # print error to STDERR\n    echo \"error: The sandbox is not in sync with the Podfile.lock. Run 'pod install' or update your CocoaPods installation.\" >&2\n    exit 1\nfi\n# This output is used by Xcode 'outputs' to avoid re-running this script phase.\necho \"SUCCESS\" > \"${SCRIPT_OUTPUT_FILE_0}\"\n";
			showEnvVarsInLog = 0;
		};
/* End PBXShellScriptBuildPhase section */

/* Begin PBXSourcesBuildPhase section */
		1213C5BC263873530025C2CC /* Sources */ = {
			isa = PBXSourcesBuildPhase;
			buildActionMask = 2147483647;
			files = (
				12824F352639A6C700A51C4B /* GeoDB.swift in Sources */,
				12824F422639AC1100A51C4B /* Network.swift in Sources */,
				1213C5C4263873530025C2CC /* AppDelegate.swift in Sources */,
				12824F4D2639C96D00A51C4B /* CityDetailView.swift in Sources */,
				12824F482639BEDF00A51C4B /* Video.swift in Sources */,
				1213C5C6263873530025C2CC /* SceneDelegate.swift in Sources */,
				12824F3D2639A9BE00A51C4B /* CityView.swift in Sources */,
			);
			runOnlyForDeploymentPostprocessing = 0;
		};
		1213C5D2263873560025C2CC /* Sources */ = {
			isa = PBXSourcesBuildPhase;
			buildActionMask = 2147483647;
			files = (
				1213C5DB263873560025C2CC /* TestWorkTests.swift in Sources */,
			);
			runOnlyForDeploymentPostprocessing = 0;
		};
		1213C5DD263873560025C2CC /* Sources */ = {
			isa = PBXSourcesBuildPhase;
			buildActionMask = 2147483647;
			files = (
				1213C5E6263873560025C2CC /* TestWorkUITests.swift in Sources */,
			);
			runOnlyForDeploymentPostprocessing = 0;
		};
/* End PBXSourcesBuildPhase section */

/* Begin PBXTargetDependency section */
		1213C5D8263873560025C2CC /* PBXTargetDependency */ = {
			isa = PBXTargetDependency;
			target = 1213C5BF263873530025C2CC /* TestWork */;
			targetProxy = 1213C5D7263873560025C2CC /* PBXContainerItemProxy */;
		};
		1213C5E3263873560025C2CC /* PBXTargetDependency */ = {
			isa = PBXTargetDependency;
			target = 1213C5BF263873530025C2CC /* TestWork */;
			targetProxy = 1213C5E2263873560025C2CC /* PBXContainerItemProxy */;
		};
/* End PBXTargetDependency section */

/* Begin PBXVariantGroup section */
		1213C5CE263873560025C2CC /* LaunchScreen.storyboard */ = {
			isa = PBXVariantGroup;
			children = (
				1213C5CF263873560025C2CC /* Base */,
			);
			name = LaunchScreen.storyboard;
			sourceTree = "<group>";
		};
/* End PBXVariantGroup section */

/* Begin XCBuildConfiguration section */
		1213C5E8263873560025C2CC /* Debug */ = {
			isa = XCBuildConfiguration;
			buildSettings = {
				ALWAYS_SEARCH_USER_PATHS = NO;
				CLANG_ANALYZER_NONNULL = YES;
				CLANG_ANALYZER_NUMBER_OBJECT_CONVERSION = YES_AGGRESSIVE;
				CLANG_CXX_LANGUAGE_STANDARD = "gnu++14";
				CLANG_CXX_LIBRARY = "libc++";
				CLANG_ENABLE_MODULES = YES;
				CLANG_ENABLE_OBJC_ARC = YES;
				CLANG_ENABLE_OBJC_WEAK = YES;
				CLANG_WARN_BLOCK_CAPTURE_AUTORELEASING = YES;
				CLANG_WARN_BOOL_CONVERSION = YES;
				CLANG_WARN_COMMA = YES;
				CLANG_WARN_CONSTANT_CONVERSION = YES;
				CLANG_WARN_DEPRECATED_OBJC_IMPLEMENTATIONS = YES;
				CLANG_WARN_DIRECT_OBJC_ISA_USAGE = YES_ERROR;
				CLANG_WARN_DOCUMENTATION_COMMENTS = YES;
				CLANG_WARN_EMPTY_BODY = YES;
				CLANG_WARN_ENUM_CONVERSION = YES;
				CLANG_WARN_INFINITE_RECURSION = YES;
				CLANG_WARN_INT_CONVERSION = YES;
				CLANG_WARN_NON_LITERAL_NULL_CONVERSION = YES;
				CLANG_WARN_OBJC_IMPLICIT_RETAIN_SELF = YES;
				CLANG_WARN_OBJC_LITERAL_CONVERSION = YES;
				CLANG_WARN_OBJC_ROOT_CLASS = YES_ERROR;
				CLANG_WARN_QUOTED_INCLUDE_IN_FRAMEWORK_HEADER = YES;
				CLANG_WARN_RANGE_LOOP_ANALYSIS = YES;
				CLANG_WARN_STRICT_PROTOTYPES = YES;
				CLANG_WARN_SUSPICIOUS_MOVE = YES;
				CLANG_WARN_UNGUARDED_AVAILABILITY = YES_AGGRESSIVE;
				CLANG_WARN_UNREACHABLE_CODE = YES;
				CLANG_WARN__DUPLICATE_METHOD_MATCH = YES;
				COPY_PHASE_STRIP = NO;
				DEBUG_INFORMATION_FORMAT = dwarf;
				ENABLE_STRICT_OBJC_MSGSEND = YES;
				ENABLE_TESTABILITY = YES;
				GCC_C_LANGUAGE_STANDARD = gnu11;
				GCC_DYNAMIC_NO_PIC = NO;
				GCC_NO_COMMON_BLOCKS = YES;
				GCC_OPTIMIZATION_LEVEL = 0;
				GCC_PREPROCESSOR_DEFINITIONS = (
					"DEBUG=1",
					"$(inherited)",
				);
				GCC_WARN_64_TO_32_BIT_CONVERSION = YES;
				GCC_WARN_ABOUT_RETURN_TYPE = YES_ERROR;
				GCC_WARN_UNDECLARED_SELECTOR = YES;
				GCC_WARN_UNINITIALIZED_AUTOS = YES_AGGRESSIVE;
				GCC_WARN_UNUSED_FUNCTION = YES;
				GCC_WARN_UNUSED_VARIABLE = YES;
				IPHONEOS_DEPLOYMENT_TARGET = 14.4;
				MTL_ENABLE_DEBUG_INFO = INCLUDE_SOURCE;
				MTL_FAST_MATH = YES;
				ONLY_ACTIVE_ARCH = YES;
				SDKROOT = iphoneos;
				SWIFT_ACTIVE_COMPILATION_CONDITIONS = DEBUG;
				SWIFT_OPTIMIZATION_LEVEL = "-Onone";
			};
			name = Debug;
		};
		1213C5E9263873560025C2CC /* Release */ = {
			isa = XCBuildConfiguration;
			buildSettings = {
				ALWAYS_SEARCH_USER_PATHS = NO;
				CLANG_ANALYZER_NONNULL = YES;
				CLANG_ANALYZER_NUMBER_OBJECT_CONVERSION = YES_AGGRESSIVE;
				CLANG_CXX_LANGUAGE_STANDARD = "gnu++14";
				CLANG_CXX_LIBRARY = "libc++";
				CLANG_ENABLE_MODULES = YES;
				CLANG_ENABLE_OBJC_ARC = YES;
				CLANG_ENABLE_OBJC_WEAK = YES;
				CLANG_WARN_BLOCK_CAPTURE_AUTORELEASING = YES;
				CLANG_WARN_BOOL_CONVERSION = YES;
				CLANG_WARN_COMMA = YES;
				CLANG_WARN_CONSTANT_CONVERSION = YES;
				CLANG_WARN_DEPRECATED_OBJC_IMPLEMENTATIONS = YES;
				CLANG_WARN_DIRECT_OBJC_ISA_USAGE = YES_ERROR;
				CLANG_WARN_DOCUMENTATION_COMMENTS = YES;
				CLANG_WARN_EMPTY_BODY = YES;
				CLANG_WARN_ENUM_CONVERSION = YES;
				CLANG_WARN_INFINITE_RECURSION = YES;
				CLANG_WARN_INT_CONVERSION = YES;
				CLANG_WARN_NON_LITERAL_NULL_CONVERSION = YES;
				CLANG_WARN_OBJC_IMPLICIT_RETAIN_SELF = YES;
				CLANG_WARN_OBJC_LITERAL_CONVERSION = YES;
				CLANG_WARN_OBJC_ROOT_CLASS = YES_ERROR;
				CLANG_WARN_QUOTED_INCLUDE_IN_FRAMEWORK_HEADER = YES;
				CLANG_WARN_RANGE_LOOP_ANALYSIS = YES;
				CLANG_WARN_STRICT_PROTOTYPES = YES;
				CLANG_WARN_SUSPICIOUS_MOVE = YES;
				CLANG_WARN_UNGUARDED_AVAILABILITY = YES_AGGRESSIVE;
				CLANG_WARN_UNREACHABLE_CODE = YES;
				CLANG_WARN__DUPLICATE_METHOD_MATCH = YES;
				COPY_PHASE_STRIP = NO;
				DEBUG_INFORMATION_FORMAT = "dwarf-with-dsym";
				ENABLE_NS_ASSERTIONS = NO;
				ENABLE_STRICT_OBJC_MSGSEND = YES;
				GCC_C_LANGUAGE_STANDARD = gnu11;
				GCC_NO_COMMON_BLOCKS = YES;
				GCC_WARN_64_TO_32_BIT_CONVERSION = YES;
				GCC_WARN_ABOUT_RETURN_TYPE = YES_ERROR;
				GCC_WARN_UNDECLARED_SELECTOR = YES;
				GCC_WARN_UNINITIALIZED_AUTOS = YES_AGGRESSIVE;
				GCC_WARN_UNUSED_FUNCTION = YES;
				GCC_WARN_UNUSED_VARIABLE = YES;
				IPHONEOS_DEPLOYMENT_TARGET = 14.4;
				MTL_ENABLE_DEBUG_INFO = NO;
				MTL_FAST_MATH = YES;
				SDKROOT = iphoneos;
				SWIFT_COMPILATION_MODE = wholemodule;
				SWIFT_OPTIMIZATION_LEVEL = "-O";
				VALIDATE_PRODUCT = YES;
			};
			name = Release;
		};
		1213C5EB263873560025C2CC /* Debug */ = {
			isa = XCBuildConfiguration;
			baseConfigurationReference = 5E8E361167D58C9ADF080E1F /* Pods-TestWork.debug.xcconfig */;
			buildSettings = {
				ASSETCATALOG_COMPILER_APPICON_NAME = AppIcon;
				ASSETCATALOG_COMPILER_GLOBAL_ACCENT_COLOR_NAME = AccentColor;
				CODE_SIGN_STYLE = Automatic;
				DEVELOPMENT_ASSET_PATHS = "\"TestWork/Preview Content\"";
				DEVELOPMENT_TEAM = 3S3TW83623;
				ENABLE_PREVIEWS = YES;
				INFOPLIST_FILE = TestWork/Info.plist;
				LD_RUNPATH_SEARCH_PATHS = (
					"$(inherited)",
					"@executable_path/Frameworks",
				);
				PRODUCT_BUNDLE_IDENTIFIER = Skoltech.TestWork;
				PRODUCT_NAME = "$(TARGET_NAME)";
				SWIFT_VERSION = 5.0;
				TARGETED_DEVICE_FAMILY = "1,2";
			};
			name = Debug;
		};
		1213C5EC263873560025C2CC /* Release */ = {
			isa = XCBuildConfiguration;
			baseConfigurationReference = 84B83836F349F9965AAC7A8E /* Pods-TestWork.release.xcconfig */;
			buildSettings = {
				ASSETCATALOG_COMPILER_APPICON_NAME = AppIcon;
				ASSETCATALOG_COMPILER_GLOBAL_ACCENT_COLOR_NAME = AccentColor;
				CODE_SIGN_STYLE = Automatic;
				DEVELOPMENT_ASSET_PATHS = "\"TestWork/Preview Content\"";
				DEVELOPMENT_TEAM = 3S3TW83623;
				ENABLE_PREVIEWS = YES;
				INFOPLIST_FILE = TestWork/Info.plist;
				LD_RUNPATH_SEARCH_PATHS = (
					"$(inherited)",
					"@executable_path/Frameworks",
				);
				PRODUCT_BUNDLE_IDENTIFIER = Skoltech.TestWork;
				PRODUCT_NAME = "$(TARGET_NAME)";
				SWIFT_VERSION = 5.0;
				TARGETED_DEVICE_FAMILY = "1,2";
			};
			name = Release;
		};
		1213C5EE263873560025C2CC /* Debug */ = {
			isa = XCBuildConfiguration;
			baseConfigurationReference = E70C64D601AC7FD7F3C2A7E5 /* Pods-TestWorkTests.debug.xcconfig */;
			buildSettings = {
				ALWAYS_EMBED_SWIFT_STANDARD_LIBRARIES = YES;
				BUNDLE_LOADER = "$(TEST_HOST)";
				CODE_SIGN_STYLE = Automatic;
				DEVELOPMENT_TEAM = 3S3TW83623;
				INFOPLIST_FILE = TestWorkTests/Info.plist;
				IPHONEOS_DEPLOYMENT_TARGET = 14.4;
				LD_RUNPATH_SEARCH_PATHS = (
					"$(inherited)",
					"@executable_path/Frameworks",
					"@loader_path/Frameworks",
				);
				PRODUCT_BUNDLE_IDENTIFIER = Skoltech.TestWorkTests;
				PRODUCT_NAME = "$(TARGET_NAME)";
				SWIFT_VERSION = 5.0;
				TARGETED_DEVICE_FAMILY = "1,2";
				TEST_HOST = "$(BUILT_PRODUCTS_DIR)/TestWork.app/TestWork";
			};
			name = Debug;
		};
		1213C5EF263873560025C2CC /* Release */ = {
			isa = XCBuildConfiguration;
			baseConfigurationReference = 9BBC87AF9AEDF85E7B7B0474 /* Pods-TestWorkTests.release.xcconfig */;
			buildSettings = {
				ALWAYS_EMBED_SWIFT_STANDARD_LIBRARIES = YES;
				BUNDLE_LOADER = "$(TEST_HOST)";
				CODE_SIGN_STYLE = Automatic;
				DEVELOPMENT_TEAM = 3S3TW83623;
				INFOPLIST_FILE = TestWorkTests/Info.plist;
				IPHONEOS_DEPLOYMENT_TARGET = 14.4;
				LD_RUNPATH_SEARCH_PATHS = (
					"$(inherited)",
					"@executable_path/Frameworks",
					"@loader_path/Frameworks",
				);
				PRODUCT_BUNDLE_IDENTIFIER = Skoltech.TestWorkTests;
				PRODUCT_NAME = "$(TARGET_NAME)";
				SWIFT_VERSION = 5.0;
				TARGETED_DEVICE_FAMILY = "1,2";
				TEST_HOST = "$(BUILT_PRODUCTS_DIR)/TestWork.app/TestWork";
			};
			name = Release;
		};
		1213C5F1263873560025C2CC /* Debug */ = {
			isa = XCBuildConfiguration;
			baseConfigurationReference = 4081BA4C1DA06D9DA6C7B935 /* Pods-TestWork-TestWorkUITests.debug.xcconfig */;
			buildSettings = {
				ALWAYS_EMBED_SWIFT_STANDARD_LIBRARIES = YES;
				CODE_SIGN_STYLE = Automatic;
				DEVELOPMENT_TEAM = 3S3TW83623;
				INFOPLIST_FILE = TestWorkUITests/Info.plist;
				LD_RUNPATH_SEARCH_PATHS = (
					"$(inherited)",
					"@executable_path/Frameworks",
					"@loader_path/Frameworks",
				);
				PRODUCT_BUNDLE_IDENTIFIER = Skoltech.TestWorkUITests;
				PRODUCT_NAME = "$(TARGET_NAME)";
				SWIFT_VERSION = 5.0;
				TARGETED_DEVICE_FAMILY = "1,2";
				TEST_TARGET_NAME = TestWork;
			};
			name = Debug;
		};
		1213C5F2263873560025C2CC /* Release */ = {
			isa = XCBuildConfiguration;
			baseConfigurationReference = 033D3874629C459BE18F0A70 /* Pods-TestWork-TestWorkUITests.release.xcconfig */;
			buildSettings = {
				ALWAYS_EMBED_SWIFT_STANDARD_LIBRARIES = YES;
				CODE_SIGN_STYLE = Automatic;
				DEVELOPMENT_TEAM = 3S3TW83623;
				INFOPLIST_FILE = TestWorkUITests/Info.plist;
				LD_RUNPATH_SEARCH_PATHS = (
					"$(inherited)",
					"@executable_path/Frameworks",
					"@loader_path/Frameworks",
				);
				PRODUCT_BUNDLE_IDENTIFIER = Skoltech.TestWorkUITests;
				PRODUCT_NAME = "$(TARGET_NAME)";
				SWIFT_VERSION = 5.0;
				TARGETED_DEVICE_FAMILY = "1,2";
				TEST_TARGET_NAME = TestWork;
			};
			name = Release;
		};
/* End XCBuildConfiguration section */

/* Begin XCConfigurationList section */
		1213C5BB263873530025C2CC /* Build configuration list for PBXProject "TestWork" */ = {
			isa = XCConfigurationList;
			buildConfigurations = (
				1213C5E8263873560025C2CC /* Debug */,
				1213C5E9263873560025C2CC /* Release */,
			);
			defaultConfigurationIsVisible = 0;
			defaultConfigurationName = Release;
		};
		1213C5EA263873560025C2CC /* Build configuration list for PBXNativeTarget "TestWork" */ = {
			isa = XCConfigurationList;
			buildConfigurations = (
				1213C5EB263873560025C2CC /* Debug */,
				1213C5EC263873560025C2CC /* Release */,
			);
			defaultConfigurationIsVisible = 0;
			defaultConfigurationName = Release;
		};
		1213C5ED263873560025C2CC /* Build configuration list for PBXNativeTarget "TestWorkTests" */ = {
			isa = XCConfigurationList;
			buildConfigurations = (
				1213C5EE263873560025C2CC /* Debug */,
				1213C5EF263873560025C2CC /* Release */,
			);
			defaultConfigurationIsVisible = 0;
			defaultConfigurationName = Release;
		};
		1213C5F0263873560025C2CC /* Build configuration list for PBXNativeTarget "TestWorkUITests" */ = {
			isa = XCConfigurationList;
			buildConfigurations = (
				1213C5F1263873560025C2CC /* Debug */,
				1213C5F2263873560025C2CC /* Release */,
			);
			defaultConfigurationIsVisible = 0;
			defaultConfigurationName = Release;
		};
/* End XCConfigurationList section */
	};
	rootObject = 1213C5B8263873530025C2CC /* Project object */;
}
